lockfileVersion: '9.0'

settings:
  autoInstallPeers: true
  excludeLinksFromLockfile: false

importers:

  .:
    devDependencies:
      bundt:
        specifier: 1.1.5
        version: 1.1.5
      esbuild:
        specifier: ^0.18.1
        version: 0.18.1
      flitch:
        specifier: 0.7.3
        version: 0.7.3
      linkedom:
        specifier: ^0.14.26
        version: 0.14.26

packages:

  '@esbuild/android-arm64@0.18.1':
    resolution: {integrity: sha512-l5V0IWGTYfQMzl4ulgIHKMZPwabIS4a39ZvtkPwL6LYiX3UtL76sylA6eFKufJCB43mwEYqbXoBSMn++NpxILw==}
    engines: {node: '>=12'}
    cpu: [arm64]
    os: [android]

  '@esbuild/android-arm@0.18.1':
    resolution: {integrity: sha512-8+QS98jqdreHLvCojIke8NjcuelB+Osysazr15EhkUIuG0Ov5WK26XgPYWViCTjHnKQxbpS86/JryBOkEpyrBA==}
    engines: {node: '>=12'}
    cpu: [arm]
    os: [android]

  '@esbuild/android-x64@0.18.1':
    resolution: {integrity: sha512-1y8/bRek6EYxQeGTUfwL2mmj6NAeXZ3h5YSc4W2Y/kduI1B8VhT4x5X0VxrcGkIKef4N5qCdziRxvei/YUfESg==}
    engines: {node: '>=12'}
    cpu: [x64]
    os: [android]

  '@esbuild/darwin-arm64@0.18.1':
    resolution: {integrity: sha512-FFT/on9qQTOntdloQvgfwFkRhNI5l/TCNXZS1CpH6JQd0boR637aThi9g9FYs4o31Ao72/jPZFDiRln5Cu6R2A==}
    engines: {node: '>=12'}
    cpu: [arm64]
    os: [darwin]

  '@esbuild/darwin-x64@0.18.1':
    resolution: {integrity: sha512-p/ZIUt+NlW8qRNVTXoKJgRuc49teazvmXBquoGOm5D6IAimTfWJVJrEivqpoMKyDS/0/PxDMRM2lrkxlSa7XeQ==}
    engines: {node: '>=12'}
    cpu: [x64]
    os: [darwin]

  '@esbuild/freebsd-arm64@0.18.1':
    resolution: {integrity: sha512-eYUDR3thO96ULRf4rJcG9TJ/sQc6Z/YNe16mC/KvVeAOtzmeTXiPMETEv/iMqTCxZhYkHyQG/mYbAxPBWC2mcg==}
    engines: {node: '>=12'}
    cpu: [arm64]
    os: [freebsd]

  '@esbuild/freebsd-x64@0.18.1':
    resolution: {integrity: sha512-w03zjxyg51qktv0JKsV+AbY3uSb1Awifs8IkKQSUXdP3sdPxxmPzZLrlJ1+LjKZRiSa4yP/Haayi/hriNVoIdQ==}
    engines: {node: '>=12'}
    cpu: [x64]
    os: [freebsd]

  '@esbuild/linux-arm64@0.18.1':
    resolution: {integrity: sha512-dHlvkKAVlYNt5LPg1GUha99QiaEGKEC21zpHVAxs7hhW6EkR8nN3iWmyndGXxVJm4K7e4lKAzl8ekPqSr5gAXQ==}
    engines: {node: '>=12'}
    cpu: [arm64]
    os: [linux]

  '@esbuild/linux-arm@0.18.1':
    resolution: {integrity: sha512-d6FXeb8F/cuXtSZuVHQN0Rz3gs3g2Xy/M4KJJRzbKsBx3pwCQuRdSrYxcr7g0PFN8geIOspiLQnUzwONyMA3Bw==}
    engines: {node: '>=12'}
    cpu: [arm]
    os: [linux]

  '@esbuild/linux-ia32@0.18.1':
    resolution: {integrity: sha512-QHS4duBPuAsLZP82sNeoqTXAJ1mNU4QcfmYtBN/jNvQJXb6n0im8F4ljFSAQbivt1jl1OnKL8HhlLUeKY75nLg==}
    engines: {node: '>=12'}
    cpu: [ia32]
    os: [linux]

  '@esbuild/linux-loong64@0.18.1':
    resolution: {integrity: sha512-g4YSiF/qBvXvJhSowxaR7Ei/79otL48Qfjviuo+FpXREykA9nSe407T5ZvezFXryFgdf44Fe8lWpjvtQ+n42cQ==}
    engines: {node: '>=12'}
    cpu: [loong64]
    os: [linux]

  '@esbuild/linux-mips64el@0.18.1':
    resolution: {integrity: sha512-/G1fzmaR5u2S9wgQhiQEhWRct0+GMpuNjhll59uv5Tjojlma9MUPinVnvpw9Re+Idb6gxe6kmzUxFP2YkC/svg==}
    engines: {node: '>=12'}
    cpu: [mips64el]
    os: [linux]

  '@esbuild/linux-ppc64@0.18.1':
    resolution: {integrity: sha512-NkDjIvleUc3lSV1VI3QE9Oh5mz3nY11H5TCbi4DJ8X09FGwHN5pDVXdAsQYPGjlt/frXZzq6x7vMmTOb5VyBog==}
    engines: {node: '>=12'}
    cpu: [ppc64]
    os: [linux]

  '@esbuild/linux-riscv64@0.18.1':
    resolution: {integrity: sha512-IhN7Nz+HyDRnMQOLcCl6m5BgQMITMhS9O1hOqgAUIy6FI0m/0zTSkZHtvMmSIpOy1uleaGqfNDA9SM3nBeTATQ==}
    engines: {node: '>=12'}
    cpu: [riscv64]
    os: [linux]

  '@esbuild/linux-s390x@0.18.1':
    resolution: {integrity: sha512-u9iRg0eUUIyBbg5hANvRBYRaAnhVemAA2+pi3IgrzQTMeR/uPHQtJI3XInNZkNR6ACA4Fdl8N941p81XygeqWQ==}
    engines: {node: '>=12'}
    cpu: [s390x]
    os: [linux]

  '@esbuild/linux-x64@0.18.1':
    resolution: {integrity: sha512-0QeWU0a0+RmxPCDt+plXS7/hVMJtfde/LaSzs6X3UTr4FYA0hYpnwDzGXxumcPLzt5c8ctugPuKat0tmRb7noQ==}
    engines: {node: '>=12'}
    cpu: [x64]
    os: [linux]

  '@esbuild/netbsd-x64@0.18.1':
    resolution: {integrity: sha512-eFL7sxibN8wKuwrRf3HRkcjELALlfl/TavJ8P4J+BJfnkXOITF7zx4tTmGkzK8OwAR9snT2kEfp1Ictc80atGw==}
    engines: {node: '>=12'}
    cpu: [x64]
    os: [netbsd]

  '@esbuild/openbsd-x64@0.18.1':
    resolution: {integrity: sha512-riCQUnngF2xYUzr0XDdrGEEz0nqnocch0No7SBIQM22wTRi5gt5WqTQexGd/2u2Z19d0rVYQbKBelaJ1dwe9bg==}
    engines: {node: '>=12'}
    cpu: [x64]
    os: [openbsd]

  '@esbuild/sunos-x64@0.18.1':
    resolution: {integrity: sha512-6lTop2k+GMkWlrwMy2+55xIBXKfXOi6uzWYypXZZP8HxXG3Mb5N4O71z2KzisVNJtYK2VlQRNbmGtUzIQIhHAw==}
    engines: {node: '>=12'}
    cpu: [x64]
    os: [sunos]

  '@esbuild/win32-arm64@0.18.1':
    resolution: {integrity: sha512-d6wt4g9GluZp7xCmgpm7gY6wy0mjcBHbKeeK9MYrlWNFJd8KBcD2uCil8kFuaH3Dt6AUz62D0wIoDETFsZ01Tg==}
    engines: {node: '>=12'}
    cpu: [arm64]
    os: [win32]

  '@esbuild/win32-ia32@0.18.1':
    resolution: {integrity: sha512-z51DOtcwECu4WlqJUhu39AVnnpaVmTvXei0EQxc99QK7ZJyn4tj0EelYkMBZckpqzqB/GyGSLwEclKtRJ0l2uw==}
    engines: {node: '>=12'}
    cpu: [ia32]
    os: [win32]

  '@esbuild/win32-x64@0.18.1':
    resolution: {integrity: sha512-6tdeuCLT+l9QuCFaYsNtULO6xH2fgJObvICMCsOZvkqIey6FUXVVju5aO+OZjxswy7WgKadhI1k/nq2wQSmB+Q==}
    engines: {node: '>=12'}
    cpu: [x64]
    os: [win32]

  acorn@8.8.1:
    resolution: {integrity: sha512-7zFpHzhnqYKrkYdUjF1HI1bzd0VygEGX8lFk4k5zVMqHEoES+P+7TKI+EvLO9WVMJ8eekdO0aDEK044xTXwPPA==}
    engines: {node: '>=0.4.0'}
    hasBin: true

  boolbase@1.0.0:
    resolution: {integrity: sha512-JZOSA7Mo9sNGB8+UjSgzdLtokWAky1zbztM3WRLCbZ70/3cTANmQmOdR7y2g+J0e2WXywy1yS468tY+IruqEww==}

  buffer-from@1.1.2:
    resolution: {integrity: sha512-E+XQCRwSbaaiChtv6k6Dwgc+bx+Bs6vuKJHHl5kox/BaKbhiXzqQOwK4cO22yElGp2OCmjwVhT3HmxgyPGnJfQ==}

  bundt@1.1.5:
    resolution: {integrity: sha512-ROl3LJ3giqU1n2rv4dRcyjUN6M3fA8vxPM7oU5+VFAAn38Z9nkbzhpLAykc4+qVz5GhaC8DgVnVy3Q8mjO1Gsg==}
    engines: {node: '>=6'}
    hasBin: true

  commander@2.20.3:
    resolution: {integrity: sha512-GpVkmM8vF2vQUkj2LvZmD35JxeJOLCwJ9cUkugyk2nuhbv3+mJvpLYYt+0+USMxE+oj+ey/lJEnhZw75x/OMcQ==}

  css-select@5.1.0:
    resolution: {integrity: sha512-nwoRF1rvRRnnCqqY7updORDsuqKzqYJ28+oSMaJMMgOauh3fvwHqMS7EZpIPqK8GL+g9mKxF1vP/ZjSeNjEVHg==}

  css-what@6.1.0:
    resolution: {integrity: sha512-HTUrgRJ7r4dsZKU6GjmpfRK1O76h97Z8MfS1G0FozR+oF2kG6Vfe8JE6zwrkbxigziPHinCJ+gCPjA9EaBDtRw==}
    engines: {node: '>= 6'}

  cssom@0.5.0:
    resolution: {integrity: sha512-iKuQcq+NdHqlAcwUY0o/HL69XQrUaQdMjmStJ8JFmUaiiQErlhrmuigkg/CU4E2J0IyUKUrMAgl36TvN67MqTw==}

  dom-serializer@2.0.0:
    resolution: {integrity: sha512-wIkAryiqt/nV5EQKqQpo3SToSOV9J0DnbJqwK7Wv/Trc92zIAYZ4FlMu+JPFW1DfGFt81ZTCGgDEabffXeLyJg==}

  domelementtype@2.3.0:
    resolution: {integrity: sha512-OLETBj6w0OsagBwdXnPdN0cnMfF9opN69co+7ZrbfPGrdpPVNBUj02spi6B1N7wChLQiPn4CSH/zJvXw56gmHw==}

  domhandler@5.0.3:
    resolution: {integrity: sha512-cgwlv/1iFQiFnU96XXgROh8xTeetsnJiDsTc7TYCLFd9+/WNkIqPTxiM/8pSd8VIrhXGTf1Ny1q1hquVqDJB5w==}
    engines: {node: '>= 4'}

  domutils@3.1.0:
    resolution: {integrity: sha512-H78uMmQtI2AhgDJjWeQmHwJJ2bLPD3GMmO7Zja/ZZh84wkm+4ut+IUnUdRa8uCGX88DiVx1j6FRe1XfxEgjEZA==}

  entities@4.5.0:
    resolution: {integrity: sha512-V0hjH4dGPh9Ao5p0MoRY6BVqtwCjhz6vI5LT8AJ55H+4g9/4vbHx1I54fS0XuclLhDHArPQCiMjDxjaL8fPxhw==}
    engines: {node: '>=0.12'}

  esbuild@0.18.1:
    resolution: {integrity: sha512-ZUvsIx2wPjpj86b805UwbGJu47Kxgr2UTio9rGhWpBr1oOVk88exzoieOgTweX0UcVCwSAk3z2WvNALpTcpQZw==}
    engines: {node: '>=12'}
    hasBin: true

  flitch@0.7.3:
    resolution: {integrity: sha512-yMHHAMQGO3SjucHGV+gbDxiPhhSPkIq4Iq6WYg4jUdmiSgd/9qc7ea41mQenG8kk6x0zh0Npn2pdwCDPmJlm2A==}
    engines: {node: '>=14.x'}

  html-escaper@3.0.3:
    resolution: {integrity: sha512-RuMffC89BOWQoY0WKGpIhn5gX3iI54O6nRA0yC124NYVtzjmFWBIiFd8M0x+ZdX0P9R4lADg1mgP8C7PxGOWuQ==}

  htmlparser2@8.0.2:
    resolution: {integrity: sha512-GYdjWKDkbRLkZ5geuHs5NY1puJ+PXwP7+fHPRz06Eirsb9ugf6d8kkXav6ADhcODhFFPMIXyxkxSuMf3D6NCFA==}

  kleur@4.1.5:
    resolution: {integrity: sha512-o+NO+8WrRiQEE4/7nwRJhN1HWpVmJm511pBHUxPLtp0BUISzlBplORYSmTclCnJvQq2tKu/sgl3xVpkc7ZWuQQ==}
    engines: {node: '>=6'}

  linkedom@0.14.26:
    resolution: {integrity: sha512-mK6TrydfFA7phrnp+1j57ycBwFI5bGSW6YXlw9acHoqF+mP/y+FooEYYyniOt5Ot57FSKB3iwmnuQ1UUyNLm5A==}

  mk-dirs@3.0.0:
    resolution: {integrity: sha512-FEZDdUFb88hgdnsfAPa4VxcPVOd+8GyZ2jsI965im5bjBlBYhrvXuTqLka/UHa6YdUNN/kZBsVgofhZ3322AJw==}
    engines: {node: '>=6'}

  nth-check@2.1.1:
    resolution: {integrity: sha512-lqjrjmaOoAnWfMmBPL+XNnynZh2+swxiX3WUE0s4yEHI6m+AwrK2UZOimIRl3X/4QctVqS8AiZjFqyOGrMXb/w==}

  rewrite-imports@3.0.0:
    resolution: {integrity: sha512-RClzg1cUfYLYkQadcrjgih8+CqJDKOP3OIWGkFE+e5n71085QnOwghzLPonEe1gG6iblCVJ8lHGFtd+n8wj3Hg==}
    engines: {node: '>=6'}

  source-map-support@0.5.21:
    resolution: {integrity: sha512-uBHU3L3czsIyYXKX88fdrGovxdSCoTGDRZ6SYXtSRxLZUzHg5P/66Ht6uoUlHu9EZod+inXhKo3qQgwXUT/y1w==}

  source-map@0.6.1:
    resolution: {integrity: sha512-UjgapumWlbMhkBgzT7Ykc5YXUT46F0iKu8SGXq0bcwP5dz/h0Plj6enJqjz1Zbq2l5WaqYnrVbwWOWMyF3F47g==}
    engines: {node: '>=0.10.0'}

  terser@4.8.1:
    resolution: {integrity: sha512-4GnLC0x667eJG0ewJTa6z/yXrbLGv80D9Ru6HIpCQmO+Q4PfEtBFi0ObSckqwL6VyQv/7ENJieXHo2ANmdQwgw==}
    engines: {node: '>=6.0.0'}
    hasBin: true

  uhyphen@0.2.0:
    resolution: {integrity: sha512-qz3o9CHXmJJPGBdqzab7qAYuW8kQGKNEuoHFYrBwV6hWIMcpAmxDLXojcHfFr9US1Pe6zUswEIJIbLI610fuqA==}

snapshots:

  '@esbuild/android-arm64@0.18.1':
    optional: true

  '@esbuild/android-arm@0.18.1':
    optional: true

  '@esbuild/android-x64@0.18.1':
    optional: true

  '@esbuild/darwin-arm64@0.18.1':
    optional: true

  '@esbuild/darwin-x64@0.18.1':
    optional: true

  '@esbuild/freebsd-arm64@0.18.1':
    optional: true

  '@esbuild/freebsd-x64@0.18.1':
    optional: true

  '@esbuild/linux-arm64@0.18.1':
    optional: true

  '@esbuild/linux-arm@0.18.1':
    optional: true

  '@esbuild/linux-ia32@0.18.1':
    optional: true

  '@esbuild/linux-loong64@0.18.1':
    optional: true

  '@esbuild/linux-mips64el@0.18.1':
    optional: true

  '@esbuild/linux-ppc64@0.18.1':
    optional: true

  '@esbuild/linux-riscv64@0.18.1':
    optional: true

  '@esbuild/linux-s390x@0.18.1':
    optional: true

  '@esbuild/linux-x64@0.18.1':
    optional: true

  '@esbuild/netbsd-x64@0.18.1':
    optional: true

  '@esbuild/openbsd-x64@0.18.1':
    optional: true

  '@esbuild/sunos-x64@0.18.1':
    optional: true

  '@esbuild/win32-arm64@0.18.1':
    optional: true

  '@esbuild/win32-ia32@0.18.1':
    optional: true

  '@esbuild/win32-x64@0.18.1':
    optional: true

  acorn@8.8.1: {}

  boolbase@1.0.0: {}

  buffer-from@1.1.2: {}

  bundt@1.1.5:
    dependencies:
      kleur: 4.1.5
      mk-dirs: 3.0.0
      rewrite-imports: 3.0.0
      terser: 4.8.1

  commander@2.20.3: {}

  css-select@5.1.0:
    dependencies:
      boolbase: 1.0.0
      css-what: 6.1.0
      domhandler: 5.0.3
      domutils: 3.1.0
      nth-check: 2.1.1

  css-what@6.1.0: {}

  cssom@0.5.0: {}

  dom-serializer@2.0.0:
    dependencies:
      domelementtype: 2.3.0
      domhandler: 5.0.3
      entities: 4.5.0

  domelementtype@2.3.0: {}

  domhandler@5.0.3:
    dependencies:
      domelementtype: 2.3.0

  domutils@3.1.0:
    dependencies:
      dom-serializer: 2.0.0
      domelementtype: 2.3.0
      domhandler: 5.0.3

  entities@4.5.0: {}

  esbuild@0.18.1:
    optionalDependencies:
      '@esbuild/android-arm': 0.18.1
      '@esbuild/android-arm64': 0.18.1
      '@esbuild/android-x64': 0.18.1
      '@esbuild/darwin-arm64': 0.18.1
      '@esbuild/darwin-x64': 0.18.1
      '@esbuild/freebsd-arm64': 0.18.1
      '@esbuild/freebsd-x64': 0.18.1
      '@esbuild/linux-arm': 0.18.1
      '@esbuild/linux-arm64': 0.18.1
      '@esbuild/linux-ia32': 0.18.1
      '@esbuild/linux-loong64': 0.18.1
      '@esbuild/linux-mips64el': 0.18.1
      '@esbuild/linux-ppc64': 0.18.1
      '@esbuild/linux-riscv64': 0.18.1
      '@esbuild/linux-s390x': 0.18.1
      '@esbuild/linux-x64': 0.18.1
      '@esbuild/netbsd-x64': 0.18.1
      '@esbuild/openbsd-x64': 0.18.1
      '@esbuild/sunos-x64': 0.18.1
      '@esbuild/win32-arm64': 0.18.1
      '@esbuild/win32-ia32': 0.18.1
      '@esbuild/win32-x64': 0.18.1

  flitch@0.7.3: {}

  html-escaper@3.0.3: {}

  htmlparser2@8.0.2:
    dependencies:
      domelementtype: 2.3.0
      domhandler: 5.0.3
      domutils: 3.1.0
      entities: 4.5.0

  kleur@4.1.5: {}

  linkedom@0.14.26:
    dependencies:
      css-select: 5.1.0
      cssom: 0.5.0
      html-escaper: 3.0.3
      htmlparser2: 8.0.2
      uhyphen: 0.2.0

  mk-dirs@3.0.0: {}

  nth-check@2.1.1:
    dependencies:
      boolbase: 1.0.0

  rewrite-imports@3.0.0: {}

  source-map-support@0.5.21:
    dependencies:
      buffer-from: 1.1.2
      source-map: 0.6.1

  source-map@0.6.1: {}

  terser@4.8.1:
    dependencies:
      acorn: 8.8.1
      commander: 2.20.3
      source-map: 0.6.1
      source-map-support: 0.5.21

  uhyphen@0.2.0: {}
